// !$*UTF8*$!
{
	archiveVersion = 1;
	classes = {
	};
	objectVersion = 46;
	objects = {

/* Begin PBXBuildFile section */
		999ED28E1B676D0200C6F1F4 /* main.m in Sources */ = {isa = PBXBuildFile; fileRef = 999ED28D1B676D0200C6F1F4 /* main.m */; };
		999ED2911B676D0200C6F1F4 /* AppDelegate.m in Sources */ = {isa = PBXBuildFile; fileRef = 999ED2901B676D0200C6F1F4 /* AppDelegate.m */; };
		999ED2941B676D0200C6F1F4 /* ViewController.m in Sources */ = {isa = PBXBuildFile; fileRef = 999ED2931B676D0200C6F1F4 /* ViewController.m */; };
		999ED2971B676D0200C6F1F4 /* Main.storyboard in Resources */ = {isa = PBXBuildFile; fileRef = 999ED2951B676D0200C6F1F4 /* Main.storyboard */; };
		999ED2991B676D0200C6F1F4 /* Images.xcassets in Resources */ = {isa = PBXBuildFile; fileRef = 999ED2981B676D0200C6F1F4 /* Images.xcassets */; };
		999ED29C1B676D0200C6F1F4 /* LaunchScreen.xib in Resources */ = {isa = PBXBuildFile; fileRef = 999ED29A1B676D0200C6F1F4 /* LaunchScreen.xib */; };
		999ED2A81B676D0200C6F1F4 /* GitUseExample2Tests.m in Sources */ = {isa = PBXBuildFile; fileRef = 999ED2A71B676D0200C6F1F4 /* GitUseExample2Tests.m */; };
/* End PBXBuildFile section */

/* Begin PBXContainerItemProxy section */
		999ED2A21B676D0200C6F1F4 /* PBXContainerItemProxy */ = {
			isa = PBXContainerItemProxy;
			containerPortal = 999ED2801B676D0200C6F1F4 /* Project object */;
			proxyType = 1;
			remoteGlobalIDString = 999ED2871B676D0200C6F1F4;
			remoteInfo = GitUseExample2;
		};
/* End PBXContainerItemProxy section */

/* Begin PBXFileReference section */
		999ED2881B676D0200C6F1F4 /* GitUseExample2.app */ = {isa = PBXFileReference; explicitFileType = wrapper.application; includeInIndex = 0; path = GitUseExample2.app; sourceTree = BUILT_PRODUCTS_DIR; };
		999ED28C1B676D0200C6F1F4 /* Info.plist */ = {isa = PBXFileReference; lastKnownFileType = text.plist.xml; path = Info.plist; sourceTree = "<group>"; };
		999ED28D1B676D0200C6F1F4 /* main.m */ = {isa = PBXFileReference; lastKnownFileType = sourcecode.c.objc; path = main.m; sourceTree = "<group>"; };
		999ED28F1B676D0200C6F1F4 /* AppDelegate.h */ = {isa = PBXFileReference; lastKnownFileType = sourcecode.c.h; path = AppDelegate.h; sourceTree = "<group>"; };
		999ED2901B676D0200C6F1F4 /* AppDelegate.m */ = {isa = PBXFileReference; lastKnownFileType = sourcecode.c.objc; path = AppDelegate.m; sourceTree = "<group>"; };
		999ED2921B676D0200C6F1F4 /* ViewController.h */ = {isa = PBXFileReference; lastKnownFileType = sourcecode.c.h; path = ViewController.h; sourceTree = "<group>"; };
		999ED2931B676D0200C6F1F4 /* ViewController.m */ = {isa = PBXFileReference; lastKnownFileType = sourcecode.c.objc; path = ViewController.m; sourceTree = "<group>"; };
		999ED2961B676D0200C6F1F4 /* Base */ = {isa = PBXFileReference; lastKnownFileType = file.storyboard; name = Base; path = Base.lproj/Main.storyboard; sourceTree = "<group>"; };
		999ED2981B676D0200C6F1F4 /* Images.xcassets */ = {isa = PBXFileReference; lastKnownFileType = folder.assetcatalog; path = Images.xcassets; sourceTree = "<group>"; };
		999ED29B1B676D0200C6F1F4 /* Base */ = {isa = PBXFileReference; lastKnownFileType = file.xib; name = Base; path = Base.lproj/LaunchScreen.xib; sourceTree = "<group>"; };
		999ED2A11B676D0200C6F1F4 /* GitUseExample2Tests.xctest */ = {isa = PBXFileReference; explicitFileType = wrapper.cfbundle; includeInIndex = 0; path = GitUseExample2Tests.xctest; sourceTree = BUILT_PRODUCTS_DIR; };
		999ED2A61B676D0200C6F1F4 /* Info.plist */ = {isa = PBXFileReference; lastKnownFileType = text.plist.xml; path = Info.plist; sourceTree = "<group>"; };
		999ED2A71B676D0200C6F1F4 /* GitUseExample2Tests.m */ = {isa = PBXFileReference; lastKnownFileType = sourcecode.c.objc; path = GitUseExample2Tests.m; sourceTree = "<group>"; };
/* End PBXFileReference section */

/* Begin PBXFrameworksBuildPhase section */
		999ED2851B676D0200C6F1F4 /* Frameworks */ = {
			isa = PBXFrameworksBuildPhase;
			buildActionMask = 2147483647;
			files = (
			);
			runOnlyForDeploymentPostprocessing = 0;
		};
		999ED29E1B676D0200C6F1F4 /* Frameworks */ = {
			isa = PBXFrameworksBuildPhase;
			buildActionMask = 2147483647;
			files = (
			);
			runOnlyForDeploymentPostprocessing = 0;
		};
/* End PBXFrameworksBuildPhase section */

/* Begin PBXGroup section */
		999ED27F1B676D0200C6F1F4 = {
			isa = PBXGroup;
			children = (
				999ED28A1B676D0200C6F1F4 /* GitUseExample2 */,
				999ED2A41B676D0200C6F1F4 /* GitUseExample2Tests */,
				999ED2891B676D0200C6F1F4 /* Products */,
			);
			sourceTree = "<group>";
		};
		999ED2891B676D0200C6F1F4 /* Products */ = {
			isa = PBXGroup;
			children = (
				999ED2881B676D0200C6F1F4 /* GitUseExample2.app */,
				999ED2A11B676D0200C6F1F4 /* GitUseExample2Tests.xctest */,
			);
			name = Products;
			sourceTree = "<group>";
		};
		999ED28A1B676D0200C6F1F4 /* GitUseExample2 */ = {
			isa = PBXGroup;
			children = (
				999ED28F1B676D0200C6F1F4 /* AppDelegate.h */,
				999ED2901B676D0200C6F1F4 /* AppDelegate.m */,
				999ED2921B676D0200C6F1F4 /* ViewController.h */,
				999ED2931B676D0200C6F1F4 /* ViewController.m */,
				999ED2951B676D0200C6F1F4 /* Main.storyboard */,
				999ED2981B676D0200C6F1F4 /* Images.xcassets */,
				999ED29A1B676D0200C6F1F4 /* LaunchScreen.xib */,
				999ED28B1B676D0200C6F1F4 /* Supporting Files */,
			);
			path = GitUseExample2;
			sourceTree = "<group>";
		};
		999ED28B1B676D0200C6F1F4 /* Supporting Files */ = {
			isa = PBXGroup;
			children = (
				999ED28C1B676D0200C6F1F4 /* Info.plist */,
				999ED28D1B676D0200C6F1F4 /* main.m */,
			);
			name = "Supporting Files";
			sourceTree = "<group>";
		};
		999ED2A41B676D0200C6F1F4 /* GitUseExample2Tests */ = {
			isa = PBXGroup;
			children = (
				999ED2A71B676D0200C6F1F4 /* GitUseExample2Tests.m */,
				999ED2A51B676D0200C6F1F4 /* Supporting Files */,
			);
			path = GitUseExample2Tests;
			sourceTree = "<group>";
		};
		999ED2A51B676D0200C6F1F4 /* Supporting Files */ = {
			isa = PBXGroup;
			children = (
				999ED2A61B676D0200C6F1F4 /* Info.plist */,
			);
			name = "Supporting Files";
			sourceTree = "<group>";
		};
/* End PBXGroup section */

/* Begin PBXNativeTarget section */
		999ED2871B676D0200C6F1F4 /* GitUseExample2 */ = {
			isa = PBXNativeTarget;
			buildConfigurationList = 999ED2AB1B676D0200C6F1F4 /* Build configuration list for PBXNativeTarget "GitUseExample2" */;
			buildPhases = (
				999ED2841B676D0200C6F1F4 /* Sources */,
				999ED2851B676D0200C6F1F4 /* Frameworks */,
				999ED2861B676D0200C6F1F4 /* Resources */,
			);
			buildRules = (
			);
			dependencies = (
			);
			name = GitUseExample2;
			productName = GitUseExample2;
			productReference = 999ED2881B676D0200C6F1F4 /* GitUseExample2.app */;
			productType = "com.apple.product-type.application";
		};
		999ED2A01B676D0200C6F1F4 /* GitUseExample2Tests */ = {
			isa = PBXNativeTarget;
			buildConfigurationList = 999ED2AE1B676D0200C6F1F4 /* Build configuration list for PBXNativeTarget "GitUseExample2Tests" */;
			buildPhases = (
				999ED29D1B676D0200C6F1F4 /* Sources */,
				999ED29E1B676D0200C6F1F4 /* Frameworks */,
				999ED29F1B676D0200C6F1F4 /* Resources */,
			);
			buildRules = (
			);
			dependencies = (
				999ED2A31B676D0200C6F1F4 /* PBXTargetDependency */,
			);
			name = GitUseExample2Tests;
			productName = GitUseExample2Tests;
			productReference = 999ED2A11B676D0200C6F1F4 /* GitUseExample2Tests.xctest */;
			productType = "com.apple.product-type.bundle.unit-test";
		};
/* End PBXNativeTarget section */

/* Begin PBXProject section */
		999ED2801B676D0200C6F1F4 /* Project object */ = {
			isa = PBXProject;
			attributes = {
				LastUpgradeCheck = 0640;
				ORGANIZATIONNAME = "alaa-ibtikar";
				TargetAttributes = {
					999ED2871B676D0200C6F1F4 = {
						CreatedOnToolsVersion = 6.4;
					};
					999ED2A01B676D0200C6F1F4 = {
						CreatedOnToolsVersion = 6.4;
						TestTargetID = 999ED2871B676D0200C6F1F4;
					};
				};
			};
			buildConfigurationList = 999ED2831B676D0200C6F1F4 /* Build configuration list for PBXProject "GitUseExample2" */;
			compatibilityVersion = "Xcode 3.2";
			developmentRegion = English;
			hasScannedForEncodings = 0;
			knownRegions = (
				en,
				Base,
			);
			mainGroup = 999ED27F1B676D0200C6F1F4;
			productRefGroup = 999ED2891B676D0200C6F1F4 /* Products */;
			projectDirPath = "";
			projectRoot = "";
			targets = (
				999ED2871B676D0200C6F1F4 /* GitUseExample2 */,
				999ED2A01B676D0200C6F1F4 /* GitUseExample2Tests */,
			);
		};
/* End PBXProject section */

/* Begin PBXResourcesBuildPhase section */
		999ED2861B676D0200C6F1F4 /* Resources */ = {
			isa = PBXResourcesBuildPhase;
			buildActionMask = 2147483647;
			files = (
				999ED2971B676D0200C6F1F4 /* Main.storyboard in Resources */,
				999ED29C1B676D0200C6F1F4 /* LaunchScreen.xib in Resources */,
				999ED2991B676D0200C6F1F4 /* Images.xcassets in Resources */,
			);
			runOnlyForDeploymentPostprocessing = 0;
		};
		999ED29F1B676D0200C6F1F4 /* Resources */ = {
			isa = PBXResourcesBuildPhase;
			buildActionMask = 2147483647;
			files = (
			);
			runOnlyForDeploymentPostprocessing = 0;
		};
/* End PBXResourcesBuildPhase section */

/* Begin PBXSourcesBuildPhase section */
		999ED2841B676D0200C6F1F4 /* Sources */ = {
			isa = PBXSourcesBuildPhase;
			buildActionMask = 2147483647;
			files = (
				999ED2941B676D0200C6F1F4 /* ViewController.m in Sources */,
				999ED2911B676D0200C6F1F4 /* AppDelegate.m in Sources */,
				999ED28E1B676D0200C6F1F4 /* main.m in Sources */,
			);
			runOnlyForDeploymentPostprocessing = 0;
		};
		999ED29D1B676D0200C6F1F4 /* Sources */ = {
			isa = PBXSourcesBuildPhase;
			buildActionMask = 2147483647;
			files = (
				999ED2A81B676D0200C6F1F4 /* GitUseExample2Tests.m in Sources */,
			);
			runOnlyForDeploymentPostprocessing = 0;
		};
/* End PBXSourcesBuildPhase section */

/* Begin PBXTargetDependency section */
		999ED2A31B676D0200C6F1F4 /* PBXTargetDependency */ = {
			isa = PBXTargetDependency;
			target = 999ED2871B676D0200C6F1F4 /* GitUseExample2 */;
			targetProxy = 999ED2A21B676D0200C6F1F4 /* PBXContainerItemProxy */;
		};
/* End PBXTargetDependency section */

/* Begin PBXVariantGroup section */
		999ED2951B676D0200C6F1F4 /* Main.storyboard */ = {
			isa = PBXVariantGroup;
			children = (
				999ED2961B676D0200C6F1F4 /* Base */,
			);
			name = Main.storyboard;
			sourceTree = "<group>";
		};
		999ED29A1B676D0200C6F1F4 /* LaunchScreen.xib */ = {
			isa = PBXVariantGroup;
			children = (
				999ED29B1B676D0200C6F1F4 /* Base */,
			);
			name = LaunchScreen.xib;
			sourceTree = "<group>";
		};
/* End PBXVariantGroup section */

/* Begin XCBuildConfiguration section */
		999ED2A91B676D0200C6F1F4 /* Debug */ = {
			isa = XCBuildConfiguration;
			buildSettings = {
				ALWAYS_SEARCH_USER_PATHS = NO;
				CLANG_CXX_LANGUAGE_STANDARD = "gnu++0x";
				CLANG_CXX_LIBRARY = "libc++";
				CLANG_ENABLE_MODULES = YES;
				CLANG_ENABLE_OBJC_ARC = YES;
				CLANG_WARN_BOOL_CONVERSION = YES;
				CLANG_WARN_CONSTANT_CONVERSION = YES;
				CLANG_WARN_DIRECT_OBJC_ISA_USAGE = YES_ERROR;
				CLANG_WARN_EMPTY_BODY = YES;
				CLANG_WARN_ENUM_CONVERSION = YES;
				CLANG_WARN_INT_CONVERSION = YES;
				CLANG_WARN_OBJC_ROOT_CLASS = YES_ERROR;
				CLANG_WARN_UNREACHABLE_CODE = YES;
				CLANG_WARN__DUPLICATE_METHOD_MATCH = YES;
				"CODE_SIGN_IDENTITY[sdk=iphoneos*]" = "iPhone Developer";
				COPY_PHASE_STRIP = NO;
				DEBUG_INFORMATION_FORMAT = "dwarf-with-dsym";
				ENABLE_STRICT_OBJC_MSGSEND = YES;
				GCC_C_LANGUAGE_STANDARD = gnu99;
				GCC_DYNAMIC_NO_PIC = NO;
				GCC_NO_COMMON_BLOCKS = YES;
				GCC_OPTIMIZATION_LEVEL = 0;
				GCC_PREPROCESSOR_DEFINITIONS = (
					"DEBUG=1",
					"$(inherited)",
				);
				GCC_SYMBOLS_PRIVATE_EXTERN = NO;
				GCC_WARN_64_TO_32_BIT_CONVERSION = YES;
				GCC_WARN_ABOUT_RETURN_TYPE = YES_ERROR;
				GCC_WARN_UNDECLARED_SELECTOR = YES;
				GCC_WARN_UNINITIALIZED_AUTOS = YES_AGGRESSIVE;
				GCC_WARN_UNUSED_FUNCTION = YES;
				GCC_WARN_UNUSED_VARIABLE = YES;
				IPHONEOS_DEPLOYMENT_TARGET = 8.4;
				MTL_ENABLE_DEBUG_INFO = YES;
				ONLY_ACTIVE_ARCH = YES;
				SDKROOT = iphoneos;
			};
			name = Debug;
		};
		999ED2AA1B676D0200C6F1F4 /* Release */ = {
			isa = XCBuildConfiguration;
			buildSettings = {
				ALWAYS_SEARCH_USER_PATHS = NO;
				CLANG_CXX_LANGUAGE_STANDARD = "gnu++0x";
				CLANG_CXX_LIBRARY = "libc++";
				CLANG_ENABLE_MODULES = YES;
				CLANG_ENABLE_OBJC_ARC = YES;
				CLANG_WARN_BOOL_CONVERSION = YES;
				CLANG_WARN_CONSTANT_CONVERSION = YES;
				CLANG_WARN_DIRECT_OBJC_ISA_USAGE = YES_ERROR;
				CLANG_WARN_EMPTY_BODY = YES;
				CLANG_WARN_ENUM_CONVERSION = YES;
				CLANG_WARN_INT_CONVERSION = YES;
				CLANG_WARN_OBJC_ROOT_CLASS = YES_ERROR;
				CLANG_WARN_UNREACHABLE_CODE = YES;
				CLANG_WARN__DUPLICATE_METHOD_MATCH = YES;
				"CODE_SIGN_IDENTITY[sdk=iphoneos*]" = "iPhone Developer";
				COPY_PHASE_STRIP = NO;
				DEBUG_INFORMATION_FORMAT = "dwarf-with-dsym";
				ENABLE_NS_ASSERTIONS = NO;
				ENABLE_STRICT_OBJC_MSGSEND = YES;
				GCC_C_LANGUAGE_STANDARD = gnu99;
				GCC_NO_COMMON_BLOCKS = YES;
				GCC_WARN_64_TO_32_BIT_CONVERSION = YES;
				GCC_WARN_ABOUT_RETURN_TYPE = YES_ERROR;
				GCC_WARN_UNDECLARED_SELECTOR = YES;
				GCC_WARN_UNINITIALIZED_AUTOS = YES_AGGRESSIVE;
				GCC_WARN_UNUSED_FUNCTION = YES;
				GCC_WARN_UNUSED_VARIABLE = YES;
				IPHONEOS_DEPLOYMENT_TARGET = 8.4;
				MTL_ENABLE_DEBUG_INFO = NO;
				SDKROOT = iphoneos;
				VALIDATE_PRODUCT = YES;
			};
			name = Release;
		};
		999ED2AC1B676D0200C6F1F4 /* Debug */ = {
			isa = XCBuildConfiguration;
			buildSettings = {
				ASSETCATALOG_COMPILER_APPICON_NAME = AppIcon;
				INFOPLIST_FILE = GitUseExample2/Info.plist;
				LD_RUNPATH_SEARCH_PATHS = "$(inherited) @executable_path/Frameworks";
				PRODUCT_NAME = "$(TARGET_NAME)";
			};
			name = Debug;
		};
		999ED2AD1B676D0200C6F1F4 /* Release */ = {
			isa = XCBuildConfiguration;
			buildSettings = {
				ASSETCATALOG_COMPILER_APPICON_NAME = AppIcon;
				INFOPLIST_FILE = GitUseExample2/Info.plist;
				LD_RUNPATH_SEARCH_PATHS = "$(inherited) @executable_path/Frameworks";
				PRODUCT_NAME = "$(TARGET_NAME)";
			};
			name = Release;
		};
		999ED2AF1B676D0200C6F1F4 /* Debug */ = {
			isa = XCBuildConfiguration;
			buildSettings = {
				BUNDLE_LOADER = "$(TEST_HOST)";
				FRAMEWORK_SEARCH_PATHS = (
					"$(SDKROOT)/Developer/Library/Frameworks",
					"$(inherited)",
				);
				GCC_PREPROCESSOR_DEFINITIONS = (
					"DEBUG=1",
					"$(inherited)",
				);
				INFOPLIST_FILE = GitUseExample2Tests/Info.plist;
				LD_RUNPATH_SEARCH_PATHS = "$(inherited) @executable_path/Frameworks @loader_path/Frameworks";
				PRODUCT_NAME = "$(TARGET_NAME)";
				TEST_HOST = "$(BUILT_PRODUCTS_DIR)/GitUseExample2.app/GitUseExample2";
			};
			name = Debug;
		};
		999ED2B01B676D0200C6F1F4 /* Release */ = {
			isa = XCBuildConfiguration;
			buildSettings = {
				BUNDLE_LOADER = "$(TEST_HOST)";
				FRAMEWORK_SEARCH_PATHS = (
					"$(SDKROOT)/Developer/Library/Frameworks",
					"$(inherited)",
				);
				INFOPLIST_FILE = GitUseExample2Tests/Info.plist;
				LD_RUNPATH_SEARCH_PATHS = "$(inherited) @executable_path/Frameworks @loader_path/Frameworks";
				PRODUCT_NAME = "$(TARGET_NAME)";
				TEST_HOST = "$(BUILT_PRODUCTS_DIR)/GitUseExample2.app/GitUseExample2";
			};
			name = Release;
		};
/* End XCBuildConfiguration section */

/* Begin XCConfigurationList section */
		999ED2831B676D0200C6F1F4 /* Build configuration list for PBXProject "GitUseExample2" */ = {
			isa = XCConfigurationList;
			buildConfigurations = (
				999ED2A91B676D0200C6F1F4 /* Debug */,
				999ED2AA1B676D0200C6F1F4 /* Release */,
			);
			defaultConfigurationIsVisible = 0;
			defaultConfigurationName = Release;
		};
		999ED2AB1B676D0200C6F1F4 /* Build configuration list for PBXNativeTarget "GitUseExample2" */ = {
			isa = XCConfigurationList;
			buildConfigurations = (
				999ED2AC1B676D0200C6F1F4 /* Debug */,
				999ED2AD1B676D0200C6F1F4 /* Release */,
			);
			defaultConfigurationIsVisible = 0;
		};
		999ED2AE1B676D0200C6F1F4 /* Build configuration list for PBXNativeTarget "GitUseExample2Tests" */ = {
			isa = XCConfigurationList;
			buildConfigurations = (
				999ED2AF1B676D0200C6F1F4 /* Debug */,
				999ED2B01B676D0200C6F1F4 /* Release */,
			);
			defaultConfigurationIsVisible = 0;
		};
/* End XCConfigurationList section */
	};
	rootObject = 999ED2801B676D0200C6F1F4 /* Project object */;
}
